// !$*UTF8*$!
{
	archiveVersion = 1;
	classes = {
	};
	objectVersion = 55;
	objects = {

/* Begin PBXBuildFile section */
		2FC03AB97E9E13C392E4EC51 /* Pods_MapKitLaba.framework in Frameworks */ = {isa = PBXBuildFile; fileRef = BE7DCFBA66D188242E91E78C /* Pods_MapKitLaba.framework */; };
		A866A35C28DBA0FE007A4380 /* AppDelegate.swift in Sources */ = {isa = PBXBuildFile; fileRef = A866A35B28DBA0FE007A4380 /* AppDelegate.swift */; };
		A866A36028DBA0FE007A4380 /* ViewController.swift in Sources */ = {isa = PBXBuildFile; fileRef = A866A35F28DBA0FE007A4380 /* ViewController.swift */; };
		A866A36328DBA0FE007A4380 /* Main.storyboard in Resources */ = {isa = PBXBuildFile; fileRef = A866A36128DBA0FE007A4380 /* Main.storyboard */; };
		A866A36528DBA102007A4380 /* Assets.xcassets in Resources */ = {isa = PBXBuildFile; fileRef = A866A36428DBA102007A4380 /* Assets.xcassets */; };
		A866A36828DBA102007A4380 /* LaunchScreen.storyboard in Resources */ = {isa = PBXBuildFile; fileRef = A866A36628DBA102007A4380 /* LaunchScreen.storyboard */; };
		A8B49B9B28DC9F2D003FDF37 /* Places.swift in Sources */ = {isa = PBXBuildFile; fileRef = A8B49B9A28DC9F2D003FDF37 /* Places.swift */; };
		A8B49B9D28DCB0B3003FDF37 /* Parser.swift in Sources */ = {isa = PBXBuildFile; fileRef = A8B49B9C28DCB0B3003FDF37 /* Parser.swift */; };
/* End PBXBuildFile section */

/* Begin PBXFileReference section */
		89CF5A76CF49E1C610DD4FD9 /* Pods-MapKitLaba.release.xcconfig */ = {isa = PBXFileReference; includeInIndex = 1; lastKnownFileType = text.xcconfig; name = "Pods-MapKitLaba.release.xcconfig"; path = "Target Support Files/Pods-MapKitLaba/Pods-MapKitLaba.release.xcconfig"; sourceTree = "<group>"; };
		A866A35828DBA0FE007A4380 /* MapKitLaba.app */ = {isa = PBXFileReference; explicitFileType = wrapper.application; includeInIndex = 0; path = MapKitLaba.app; sourceTree = BUILT_PRODUCTS_DIR; };
		A866A35B28DBA0FE007A4380 /* AppDelegate.swift */ = {isa = PBXFileReference; lastKnownFileType = sourcecode.swift; path = AppDelegate.swift; sourceTree = "<group>"; };
		A866A35F28DBA0FE007A4380 /* ViewController.swift */ = {isa = PBXFileReference; lastKnownFileType = sourcecode.swift; path = ViewController.swift; sourceTree = "<group>"; };
		A866A36228DBA0FE007A4380 /* Base */ = {isa = PBXFileReference; lastKnownFileType = file.storyboard; name = Base; path = Base.lproj/Main.storyboard; sourceTree = "<group>"; };
		A866A36428DBA102007A4380 /* Assets.xcassets */ = {isa = PBXFileReference; lastKnownFileType = folder.assetcatalog; path = Assets.xcassets; sourceTree = "<group>"; };
		A866A36728DBA102007A4380 /* Base */ = {isa = PBXFileReference; lastKnownFileType = file.storyboard; name = Base; path = Base.lproj/LaunchScreen.storyboard; sourceTree = "<group>"; };
		A866A36928DBA102007A4380 /* Info.plist */ = {isa = PBXFileReference; lastKnownFileType = text.plist.xml; path = Info.plist; sourceTree = "<group>"; };
		A8B49B9928DC9509003FDF37 /* Directions.geojson */ = {isa = PBXFileReference; lastKnownFileType = text; path = Directions.geojson; sourceTree = "<group>"; };
		A8B49B9A28DC9F2D003FDF37 /* Places.swift */ = {isa = PBXFileReference; lastKnownFileType = sourcecode.swift; path = Places.swift; sourceTree = "<group>"; };
		A8B49B9C28DCB0B3003FDF37 /* Parser.swift */ = {isa = PBXFileReference; lastKnownFileType = sourcecode.swift; path = Parser.swift; sourceTree = "<group>"; };
		BE7DCFBA66D188242E91E78C /* Pods_MapKitLaba.framework */ = {isa = PBXFileReference; explicitFileType = wrapper.framework; includeInIndex = 0; path = Pods_MapKitLaba.framework; sourceTree = BUILT_PRODUCTS_DIR; };
		E6B16960DCD10921D75C1599 /* Pods-MapKitLaba.debug.xcconfig */ = {isa = PBXFileReference; includeInIndex = 1; lastKnownFileType = text.xcconfig; name = "Pods-MapKitLaba.debug.xcconfig"; path = "Target Support Files/Pods-MapKitLaba/Pods-MapKitLaba.debug.xcconfig"; sourceTree = "<group>"; };
/* End PBXFileReference section */

/* Begin PBXFrameworksBuildPhase section */
		A866A35528DBA0FE007A4380 /* Frameworks */ = {
			isa = PBXFrameworksBuildPhase;
			buildActionMask = 2147483647;
			files = (
				2FC03AB97E9E13C392E4EC51 /* Pods_MapKitLaba.framework in Frameworks */,
			);
			runOnlyForDeploymentPostprocessing = 0;
		};
/* End PBXFrameworksBuildPhase section */

/* Begin PBXGroup section */
		0CCE442848E69F3419C1FADB /* Pods */ = {
			isa = PBXGroup;
			children = (
				E6B16960DCD10921D75C1599 /* Pods-MapKitLaba.debug.xcconfig */,
				89CF5A76CF49E1C610DD4FD9 /* Pods-MapKitLaba.release.xcconfig */,
			);
			path = Pods;
			sourceTree = "<group>";
		};
		6FBECD8C23192DE32A17A06F /* Frameworks */ = {
			isa = PBXGroup;
			children = (
				BE7DCFBA66D188242E91E78C /* Pods_MapKitLaba.framework */,
			);
			name = Frameworks;
			sourceTree = "<group>";
		};
		A866A34F28DBA0FD007A4380 = {
			isa = PBXGroup;
			children = (
				A866A35A28DBA0FE007A4380 /* MapKitLaba */,
				A866A35928DBA0FE007A4380 /* Products */,
				0CCE442848E69F3419C1FADB /* Pods */,
				6FBECD8C23192DE32A17A06F /* Frameworks */,
			);
			sourceTree = "<group>";
		};
		A866A35928DBA0FE007A4380 /* Products */ = {
			isa = PBXGroup;
			children = (
				A866A35828DBA0FE007A4380 /* MapKitLaba.app */,
			);
			name = Products;
			sourceTree = "<group>";
		};
		A866A35A28DBA0FE007A4380 /* MapKitLaba */ = {
			isa = PBXGroup;
			children = (
				A866A35B28DBA0FE007A4380 /* AppDelegate.swift */,
				A866A35F28DBA0FE007A4380 /* ViewController.swift */,
				A8B49B9928DC9509003FDF37 /* Directions.geojson */,
				A8B49B9C28DCB0B3003FDF37 /* Parser.swift */,
				A8B49B9A28DC9F2D003FDF37 /* Places.swift */,
				A866A36128DBA0FE007A4380 /* Main.storyboard */,
				A866A36428DBA102007A4380 /* Assets.xcassets */,
				A866A36628DBA102007A4380 /* LaunchScreen.storyboard */,
				A866A36928DBA102007A4380 /* Info.plist */,
			);
			path = MapKitLaba;
			sourceTree = "<group>";
		};
/* End PBXGroup section */

/* Begin PBXNativeTarget section */
		A866A35728DBA0FE007A4380 /* MapKitLaba */ = {
			isa = PBXNativeTarget;
			buildConfigurationList = A866A36C28DBA102007A4380 /* Build configuration list for PBXNativeTarget "MapKitLaba" */;
			buildPhases = (
				D4ED7BA73F434BECBD27A849 /* [CP] Check Pods Manifest.lock */,
				A866A35428DBA0FE007A4380 /* Sources */,
				A866A35528DBA0FE007A4380 /* Frameworks */,
				A866A35628DBA0FE007A4380 /* Resources */,
				3413E39E3E3EB4E3B7F50DCF /* [CP] Embed Pods Frameworks */,
			);
			buildRules = (
			);
			dependencies = (
			);
			name = MapKitLaba;
			productName = MapKitLaba;
			productReference = A866A35828DBA0FE007A4380 /* MapKitLaba.app */;
			productType = "com.apple.product-type.application";
		};
/* End PBXNativeTarget section */

/* Begin PBXProject section */
		A866A35028DBA0FD007A4380 /* Project object */ = {
			isa = PBXProject;
			attributes = {
				BuildIndependentTargetsInParallel = 1;
				LastSwiftUpdateCheck = 1310;
				LastUpgradeCheck = 1310;
				TargetAttributes = {
					A866A35728DBA0FE007A4380 = {
						CreatedOnToolsVersion = 13.1;
					};
				};
			};
			buildConfigurationList = A866A35328DBA0FD007A4380 /* Build configuration list for PBXProject "MapKitLaba" */;
			compatibilityVersion = "Xcode 13.0";
			developmentRegion = en;
			hasScannedForEncodings = 0;
			knownRegions = (
				en,
				Base,
			);
			mainGroup = A866A34F28DBA0FD007A4380;
			productRefGroup = A866A35928DBA0FE007A4380 /* Products */;
			projectDirPath = "";
			projectRoot = "";
			targets = (
				A866A35728DBA0FE007A4380 /* MapKitLaba */,
			);
		};
/* End PBXProject section */

/* Begin PBXResourcesBuildPhase section */
		A866A35628DBA0FE007A4380 /* Resources */ = {
			isa = PBXResourcesBuildPhase;
			buildActionMask = 2147483647;
			files = (
				A866A36828DBA102007A4380 /* LaunchScreen.storyboard in Resources */,
				A866A36528DBA102007A4380 /* Assets.xcassets in Resources */,
				A866A36328DBA0FE007A4380 /* Main.storyboard in Resources */,
			);
			runOnlyForDeploymentPostprocessing = 0;
		};
/* End PBXResourcesBuildPhase section */

/* Begin PBXShellScriptBuildPhase section */
		3413E39E3E3EB4E3B7F50DCF /* [CP] Embed Pods Frameworks */ = {
			isa = PBXShellScriptBuildPhase;
			buildActionMask = 2147483647;
			files = (
			);
			inputFileListPaths = (
				"${PODS_ROOT}/Target Support Files/Pods-MapKitLaba/Pods-MapKitLaba-frameworks-${CONFIGURATION}-input-files.xcfilelist",
			);
			name = "[CP] Embed Pods Frameworks";
			outputFileListPaths = (
				"${PODS_ROOT}/Target Support Files/Pods-MapKitLaba/Pods-MapKitLaba-frameworks-${CONFIGURATION}-output-files.xcfilelist",
			);
			runOnlyForDeploymentPostprocessing = 0;
			shellPath = /bin/sh;
			shellScript = "\"${PODS_ROOT}/Target Support Files/Pods-MapKitLaba/Pods-MapKitLaba-frameworks.sh\"\n";
			showEnvVarsInLog = 0;
		};
		D4ED7BA73F434BECBD27A849 /* [CP] Check Pods Manifest.lock */ = {
			isa = PBXShellScriptBuildPhase;
			buildActionMask = 2147483647;
			files = (
			);
			inputFileListPaths = (
			);
			inputPaths = (
				"${PODS_PODFILE_DIR_PATH}/Podfile.lock",
				"${PODS_ROOT}/Manifest.lock",
			);
			name = "[CP] Check Pods Manifest.lock";
			outputFileListPaths = (
			);
			outputPaths = (
				"$(DERIVED_FILE_DIR)/Pods-MapKitLaba-checkManifestLockResult.txt",
			);
			runOnlyForDeploymentPostprocessing = 0;
			shellPath = /bin/sh;
			shellScript = "diff \"${PODS_PODFILE_DIR_PATH}/Podfile.lock\" \"${PODS_ROOT}/Manifest.lock\" > /dev/null\nif [ $? != 0 ] ; then\n    # print error to STDERR\n    echo \"error: The sandbox is not in sync with the Podfile.lock. Run 'pod install' or update your CocoaPods installation.\" >&2\n    exit 1\nfi\n# This output is used by Xcode 'outputs' to avoid re-running this script phase.\necho \"SUCCESS\" > \"${SCRIPT_OUTPUT_FILE_0}\"\n";
			showEnvVarsInLog = 0;
		};
/* End PBXShellScriptBuildPhase section */

/* Begin PBXSourcesBuildPhase section */
		A866A35428DBA0FE007A4380 /* Sources */ = {
			isa = PBXSourcesBuildPhase;
			buildActionMask = 2147483647;
			files = (
				A8B49B9D28DCB0B3003FDF37 /* Parser.swift in Sources */,
				A866A36028DBA0FE007A4380 /* ViewController.swift in Sources */,
				A866A35C28DBA0FE007A4380 /* AppDelegate.swift in Sources */,
				A8B49B9B28DC9F2D003FDF37 /* Places.swift in Sources */,
			);
			runOnlyForDeploymentPostprocessing = 0;
		};
/* End PBXSourcesBuildPhase section */

/* Begin PBXVariantGroup section */
		A866A36128DBA0FE007A4380 /* Main.storyboard */ = {
			isa = PBXVariantGroup;
			children = (
				A866A36228DBA0FE007A4380 /* Base */,
			);
			name = Main.storyboard;
			sourceTree = "<group>";
		};
		A866A36628DBA102007A4380 /* LaunchScreen.storyboard */ = {
			isa = PBXVariantGroup;
			children = (
				A866A36728DBA102007A4380 /* Base */,
			);
			name = LaunchScreen.storyboard;
			sourceTree = "<group>";
		};
/* End PBXVariantGroup section */

/* Begin XCBuildConfiguration section */
		A866A36A28DBA102007A4380 /* Debug */ = {
			isa = XCBuildConfiguration;
			buildSettings = {
				ALWAYS_SEARCH_USER_PATHS = NO;
				CLANG_ANALYZER_NONNULL = YES;
				CLANG_ANALYZER_NUMBER_OBJECT_CONVERSION = YES_AGGRESSIVE;
				CLANG_CXX_LANGUAGE_STANDARD = "gnu++17";
				CLANG_CXX_LIBRARY = "libc++";
				CLANG_ENABLE_MODULES = YES;
				CLANG_ENABLE_OBJC_ARC = YES;
				CLANG_ENABLE_OBJC_WEAK = YES;
				CLANG_WARN_BLOCK_CAPTURE_AUTORELEASING = YES;
				CLANG_WARN_BOOL_CONVERSION = YES;
				CLANG_WARN_COMMA = YES;
				CLANG_WARN_CONSTANT_CONVERSION = YES;
				CLANG_WARN_DEPRECATED_OBJC_IMPLEMENTATIONS = YES;
				CLANG_WARN_DIRECT_OBJC_ISA_USAGE = YES_ERROR;
				CLANG_WARN_DOCUMENTATION_COMMENTS = YES;
				CLANG_WARN_EMPTY_BODY = YES;
				CLANG_WARN_ENUM_CONVERSION = YES;
				CLANG_WARN_INFINITE_RECURSION = YES;
				CLANG_WARN_INT_CONVERSION = YES;
				CLANG_WARN_NON_LITERAL_NULL_CONVERSION = YES;
				CLANG_WARN_OBJC_IMPLICIT_RETAIN_SELF = YES;
				CLANG_WARN_OBJC_LITERAL_CONVERSION = YES;
				CLANG_WARN_OBJC_ROOT_CLASS = YES_ERROR;
				CLANG_WARN_QUOTED_INCLUDE_IN_FRAMEWORK_HEADER = YES;
				CLANG_WARN_RANGE_LOOP_ANALYSIS = YES;
				CLANG_WARN_STRICT_PROTOTYPES = YES;
				CLANG_WARN_SUSPICIOUS_MOVE = YES;
				CLANG_WARN_UNGUARDED_AVAILABILITY = YES_AGGRESSIVE;
				CLANG_WARN_UNREACHABLE_CODE = YES;
				CLANG_WARN__DUPLICATE_METHOD_MATCH = YES;
				COPY_PHASE_STRIP = NO;
				DEBUG_INFORMATION_FORMAT = dwarf;
				ENABLE_STRICT_OBJC_MSGSEND = YES;
				ENABLE_TESTABILITY = YES;
				GCC_C_LANGUAGE_STANDARD = gnu11;
				GCC_DYNAMIC_NO_PIC = NO;
				GCC_NO_COMMON_BLOCKS = YES;
				GCC_OPTIMIZATION_LEVEL = 0;
				GCC_PREPROCESSOR_DEFINITIONS = (
					"DEBUG=1",
					"$(inherited)",
				);
				GCC_WARN_64_TO_32_BIT_CONVERSION = YES;
				GCC_WARN_ABOUT_RETURN_TYPE = YES_ERROR;
				GCC_WARN_UNDECLARED_SELECTOR = YES;
				GCC_WARN_UNINITIALIZED_AUTOS = YES_AGGRESSIVE;
				GCC_WARN_UNUSED_FUNCTION = YES;
				GCC_WARN_UNUSED_VARIABLE = YES;
				IPHONEOS_DEPLOYMENT_TARGET = 15.0;
				MTL_ENABLE_DEBUG_INFO = INCLUDE_SOURCE;
				MTL_FAST_MATH = YES;
				ONLY_ACTIVE_ARCH = YES;
				SDKROOT = iphoneos;
				SWIFT_ACTIVE_COMPILATION_CONDITIONS = DEBUG;
				SWIFT_OPTIMIZATION_LEVEL = "-Onone";
			};
			name = Debug;
		};
		A866A36B28DBA102007A4380 /* Release */ = {
			isa = XCBuildConfiguration;
			buildSettings = {
				ALWAYS_SEARCH_USER_PATHS = NO;
				CLANG_ANALYZER_NONNULL = YES;
				CLANG_ANALYZER_NUMBER_OBJECT_CONVERSION = YES_AGGRESSIVE;
				CLANG_CXX_LANGUAGE_STANDARD = "gnu++17";
				CLANG_CXX_LIBRARY = "libc++";
				CLANG_ENABLE_MODULES = YES;
				CLANG_ENABLE_OBJC_ARC = YES;
				CLANG_ENABLE_OBJC_WEAK = YES;
				CLANG_WARN_BLOCK_CAPTURE_AUTORELEASING = YES;
				CLANG_WARN_BOOL_CONVERSION = YES;
				CLANG_WARN_COMMA = YES;
				CLANG_WARN_CONSTANT_CONVERSION = YES;
				CLANG_WARN_DEPRECATED_OBJC_IMPLEMENTATIONS = YES;
				CLANG_WARN_DIRECT_OBJC_ISA_USAGE = YES_ERROR;
				CLANG_WARN_DOCUMENTATION_COMMENTS = YES;
				CLANG_WARN_EMPTY_BODY = YES;
				CLANG_WARN_ENUM_CONVERSION = YES;
				CLANG_WARN_INFINITE_RECURSION = YES;
				CLANG_WARN_INT_CONVERSION = YES;
				CLANG_WARN_NON_LITERAL_NULL_CONVERSION = YES;
				CLANG_WARN_OBJC_IMPLICIT_RETAIN_SELF = YES;
				CLANG_WARN_OBJC_LITERAL_CONVERSION = YES;
				CLANG_WARN_OBJC_ROOT_CLASS = YES_ERROR;
				CLANG_WARN_QUOTED_INCLUDE_IN_FRAMEWORK_HEADER = YES;
				CLANG_WARN_RANGE_LOOP_ANALYSIS = YES;
				CLANG_WARN_STRICT_PROTOTYPES = YES;
				CLANG_WARN_SUSPICIOUS_MOVE = YES;
				CLANG_WARN_UNGUARDED_AVAILABILITY = YES_AGGRESSIVE;
				CLANG_WARN_UNREACHABLE_CODE = YES;
				CLANG_WARN__DUPLICATE_METHOD_MATCH = YES;
				COPY_PHASE_STRIP = NO;
				DEBUG_INFORMATION_FORMAT = "dwarf-with-dsym";
				ENABLE_NS_ASSERTIONS = NO;
				ENABLE_STRICT_OBJC_MSGSEND = YES;
				GCC_C_LANGUAGE_STANDARD = gnu11;
				GCC_NO_COMMON_BLOCKS = YES;
				GCC_WARN_64_TO_32_BIT_CONVERSION = YES;
				GCC_WARN_ABOUT_RETURN_TYPE = YES_ERROR;
				GCC_WARN_UNDECLARED_SELECTOR = YES;
				GCC_WARN_UNINITIALIZED_AUTOS = YES_AGGRESSIVE;
				GCC_WARN_UNUSED_FUNCTION = YES;
				GCC_WARN_UNUSED_VARIABLE = YES;
				IPHONEOS_DEPLOYMENT_TARGET = 15.0;
				MTL_ENABLE_DEBUG_INFO = NO;
				MTL_FAST_MATH = YES;
				SDKROOT = iphoneos;
				SWIFT_COMPILATION_MODE = wholemodule;
				SWIFT_OPTIMIZATION_LEVEL = "-O";
				VALIDATE_PRODUCT = YES;
			};
			name = Release;
		};
		A866A36D28DBA102007A4380 /* Debug */ = {
			isa = XCBuildConfiguration;
			baseConfigurationReference = E6B16960DCD10921D75C1599 /* Pods-MapKitLaba.debug.xcconfig */;
			buildSettings = {
				ASSETCATALOG_COMPILER_APPICON_NAME = AppIcon;
				ASSETCATALOG_COMPILER_GLOBAL_ACCENT_COLOR_NAME = AccentColor;
				CODE_SIGN_STYLE = Automatic;
				CURRENT_PROJECT_VERSION = 1;
				DEVELOPMENT_TEAM = QJGZ655CQS;
				GENERATE_INFOPLIST_FILE = YES;
				INFOPLIST_FILE = MapKitLaba/Info.plist;
				INFOPLIST_KEY_UIApplicationSupportsIndirectInputEvents = YES;
				INFOPLIST_KEY_UILaunchStoryboardName = LaunchScreen;
				INFOPLIST_KEY_UISupportedInterfaceOrientations_iPad = "UIInterfaceOrientationPortrait UIInterfaceOrientationPortraitUpsideDown UIInterfaceOrientationLandscapeLeft UIInterfaceOrientationLandscapeRight";
				INFOPLIST_KEY_UISupportedInterfaceOrientations_iPhone = "UIInterfaceOrientationPortrait UIInterfaceOrientationLandscapeLeft UIInterfaceOrientationLandscapeRight";
				LD_RUNPATH_SEARCH_PATHS = (
					"$(inherited)",
					"@executable_path/Frameworks",
				);
				MARKETING_VERSION = 1.0;
				PRODUCT_BUNDLE_IDENTIFIER = com.dimaSD.MapKitLaba;
				PRODUCT_NAME = "$(TARGET_NAME)";
				SWIFT_EMIT_LOC_STRINGS = YES;
				SWIFT_VERSION = 5.0;
				TARGETED_DEVICE_FAMILY = "1,2";
			};
			name = Debug;
		};
		A866A36E28DBA102007A4380 /* Release */ = {
			isa = XCBuildConfiguration;
			baseConfigurationReference = 89CF5A76CF49E1C610DD4FD9 /* Pods-MapKitLaba.release.xcconfig */;
			buildSettings = {
				ASSETCATALOG_COMPILER_APPICON_NAME = AppIcon;
				ASSETCATALOG_COMPILER_GLOBAL_ACCENT_COLOR_NAME = AccentColor;
				CODE_SIGN_STYLE = Automatic;
				CURRENT_PROJECT_VERSION = 1;
				DEVELOPMENT_TEAM = QJGZ655CQS;
				GENERATE_INFOPLIST_FILE = YES;
				INFOPLIST_FILE = MapKitLaba/Info.plist;
				INFOPLIST_KEY_UIApplicationSupportsIndirectInputEvents = YES;
				INFOPLIST_KEY_UILaunchStoryboardName = LaunchScreen;
				INFOPLIST_KEY_UISupportedInterfaceOrientations_iPad = "UIInterfaceOrientationPortrait UIInterfaceOrientationPortraitUpsideDown UIInterfaceOrientationLandscapeLeft UIInterfaceOrientationLandscapeRight";
				INFOPLIST_KEY_UISupportedInterfaceOrientations_iPhone = "UIInterfaceOrientationPortrait UIInterfaceOrientationLandscapeLeft UIInterfaceOrientationLandscapeRight";
				LD_RUNPATH_SEARCH_PATHS = (
					"$(inherited)",
					"@executable_path/Frameworks",
				);
				MARKETING_VERSION = 1.0;
				PRODUCT_BUNDLE_IDENTIFIER = com.dimaSD.MapKitLaba;
				PRODUCT_NAME = "$(TARGET_NAME)";
				SWIFT_EMIT_LOC_STRINGS = YES;
				SWIFT_VERSION = 5.0;
				TARGETED_DEVICE_FAMILY = "1,2";
			};
			name = Release;
		};
/* End XCBuildConfiguration section */

/* Begin XCConfigurationList section */
		A866A35328DBA0FD007A4380 /* Build configuration list for PBXProject "MapKitLaba" */ = {
			isa = XCConfigurationList;
			buildConfigurations = (
				A866A36A28DBA102007A4380 /* Debug */,
				A866A36B28DBA102007A4380 /* Release */,
			);
			defaultConfigurationIsVisible = 0;
			defaultConfigurationName = Release;
		};
		A866A36C28DBA102007A4380 /* Build configuration list for PBXNativeTarget "MapKitLaba" */ = {
			isa = XCConfigurationList;
			buildConfigurations = (
				A866A36D28DBA102007A4380 /* Debug */,
				A866A36E28DBA102007A4380 /* Release */,
			);
			defaultConfigurationIsVisible = 0;
			defaultConfigurationName = Release;
		};
/* End XCConfigurationList section */
	};
	rootObject = A866A35028DBA0FD007A4380 /* Project object */;
}
